// !$*UTF8*$!
{
	archiveVersion = 1;
	classes = {
	};
	objectVersion = 55;
	objects = {

/* Begin PBXBuildFile section */
		4B2ACC352834C52A009BDC50 /* AppDelegate.swift in Sources */ = {isa = PBXBuildFile; fileRef = 4B2ACC342834C52A009BDC50 /* AppDelegate.swift */; };
		4B2ACC372834C52A009BDC50 /* SceneDelegate.swift in Sources */ = {isa = PBXBuildFile; fileRef = 4B2ACC362834C52A009BDC50 /* SceneDelegate.swift */; };
		4B2ACC392834C52A009BDC50 /* ViewController.swift in Sources */ = {isa = PBXBuildFile; fileRef = 4B2ACC382834C52A009BDC50 /* ViewController.swift */; };
		4B2ACC3C2834C52A009BDC50 /* Main.storyboard in Resources */ = {isa = PBXBuildFile; fileRef = 4B2ACC3A2834C52A009BDC50 /* Main.storyboard */; };
		4B2ACC3E2834C52B009BDC50 /* Assets.xcassets in Resources */ = {isa = PBXBuildFile; fileRef = 4B2ACC3D2834C52B009BDC50 /* Assets.xcassets */; };
		4B2ACC412834C52B009BDC50 /* LaunchScreen.storyboard in Resources */ = {isa = PBXBuildFile; fileRef = 4B2ACC3F2834C52B009BDC50 /* LaunchScreen.storyboard */; };
		4B2ACC492834C579009BDC50 /* twoViewController.swift in Sources */ = {isa = PBXBuildFile; fileRef = 4B2ACC482834C579009BDC50 /* twoViewController.swift */; };
		4B2ACC4B2834C5C3009BDC50 /* threeViewController.swift in Sources */ = {isa = PBXBuildFile; fileRef = 4B2ACC4A2834C5C3009BDC50 /* threeViewController.swift */; };
		4B2ACC522834C5F4009BDC50 /* tarukimaru.psd in Resources */ = {isa = PBXBuildFile; fileRef = 4B2ACC4C2834C5F4009BDC50 /* tarukimaru.psd */; };
		4B2ACC532834C5F4009BDC50 /* tarukimaru 2.psd in Resources */ = {isa = PBXBuildFile; fileRef = 4B2ACC4D2834C5F4009BDC50 /* tarukimaru 2.psd */; };
		4B2ACC542834C5F4009BDC50 /* tarukibatu.png in Resources */ = {isa = PBXBuildFile; fileRef = 4B2ACC4E2834C5F4009BDC50 /* tarukibatu.png */; };
		4B2ACC552834C5F4009BDC50 /* tarukimaru.png in Resources */ = {isa = PBXBuildFile; fileRef = 4B2ACC4F2834C5F4009BDC50 /* tarukimaru.png */; };
		4B2ACC562834C5F4009BDC50 /* siro.jpeg in Resources */ = {isa = PBXBuildFile; fileRef = 4B2ACC502834C5F4009BDC50 /* siro.jpeg */; };
		4B2ACC572834C5F4009BDC50 /* tarukilast.png in Resources */ = {isa = PBXBuildFile; fileRef = 4B2ACC512834C5F4009BDC50 /* tarukilast.png */; };
		4B67976A286AC5CF00635F53 /* threesViewController.swift in Sources */ = {isa = PBXBuildFile; fileRef = 4B679769286AC5CF00635F53 /* threesViewController.swift */; };
/* End PBXBuildFile section */

/* Begin PBXFileReference section */
		4B2ACC312834C52A009BDC50 /* 展開一品三.app */ = {isa = PBXFileReference; explicitFileType = wrapper.application; includeInIndex = 0; path = "展開一品三.app"; sourceTree = BUILT_PRODUCTS_DIR; };
		4B2ACC342834C52A009BDC50 /* AppDelegate.swift */ = {isa = PBXFileReference; lastKnownFileType = sourcecode.swift; path = AppDelegate.swift; sourceTree = "<group>"; };
		4B2ACC362834C52A009BDC50 /* SceneDelegate.swift */ = {isa = PBXFileReference; lastKnownFileType = sourcecode.swift; path = SceneDelegate.swift; sourceTree = "<group>"; };
		4B2ACC382834C52A009BDC50 /* ViewController.swift */ = {isa = PBXFileReference; lastKnownFileType = sourcecode.swift; path = ViewController.swift; sourceTree = "<group>"; };
		4B2ACC3B2834C52A009BDC50 /* Base */ = {isa = PBXFileReference; lastKnownFileType = file.storyboard; name = Base; path = Base.lproj/Main.storyboard; sourceTree = "<group>"; };
		4B2ACC3D2834C52B009BDC50 /* Assets.xcassets */ = {isa = PBXFileReference; lastKnownFileType = folder.assetcatalog; path = Assets.xcassets; sourceTree = "<group>"; };
		4B2ACC402834C52B009BDC50 /* Base */ = {isa = PBXFileReference; lastKnownFileType = file.storyboard; name = Base; path = Base.lproj/LaunchScreen.storyboard; sourceTree = "<group>"; };
		4B2ACC422834C52C009BDC50 /* Info.plist */ = {isa = PBXFileReference; lastKnownFileType = text.plist.xml; path = Info.plist; sourceTree = "<group>"; };
		4B2ACC482834C579009BDC50 /* twoViewController.swift */ = {isa = PBXFileReference; lastKnownFileType = sourcecode.swift; path = twoViewController.swift; sourceTree = "<group>"; };
		4B2ACC4A2834C5C3009BDC50 /* threeViewController.swift */ = {isa = PBXFileReference; lastKnownFileType = sourcecode.swift; path = threeViewController.swift; sourceTree = "<group>"; };
		4B2ACC4C2834C5F4009BDC50 /* tarukimaru.psd */ = {isa = PBXFileReference; lastKnownFileType = file; path = tarukimaru.psd; sourceTree = "<group>"; };
		4B2ACC4D2834C5F4009BDC50 /* tarukimaru 2.psd */ = {isa = PBXFileReference; lastKnownFileType = file; path = "tarukimaru 2.psd"; sourceTree = "<group>"; };
		4B2ACC4E2834C5F4009BDC50 /* tarukibatu.png */ = {isa = PBXFileReference; lastKnownFileType = image.png; path = tarukibatu.png; sourceTree = "<group>"; };
		4B2ACC4F2834C5F4009BDC50 /* tarukimaru.png */ = {isa = PBXFileReference; lastKnownFileType = image.png; path = tarukimaru.png; sourceTree = "<group>"; };
		4B2ACC502834C5F4009BDC50 /* siro.jpeg */ = {isa = PBXFileReference; lastKnownFileType = image.jpeg; path = siro.jpeg; sourceTree = "<group>"; };
		4B2ACC512834C5F4009BDC50 /* tarukilast.png */ = {isa = PBXFileReference; lastKnownFileType = image.png; path = tarukilast.png; sourceTree = "<group>"; };
		4B679769286AC5CF00635F53 /* threesViewController.swift */ = {isa = PBXFileReference; lastKnownFileType = sourcecode.swift; name = threesViewController.swift; path = ../threesViewController.swift; sourceTree = "<group>"; };
/* End PBXFileReference section */

/* Begin PBXFrameworksBuildPhase section */
		4B2ACC2E2834C52A009BDC50 /* Frameworks */ = {
			isa = PBXFrameworksBuildPhase;
			buildActionMask = 2147483647;
			files = (
			);
			runOnlyForDeploymentPostprocessing = 0;
		};
/* End PBXFrameworksBuildPhase section */

/* Begin PBXGroup section */
		4B2ACC282834C52A009BDC50 = {
			isa = PBXGroup;
			children = (
				4B2ACC332834C52A009BDC50 /* 展開一品三 */,
				4B2ACC322834C52A009BDC50 /* Products */,
			);
			sourceTree = "<group>";
		};
		4B2ACC322834C52A009BDC50 /* Products */ = {
			isa = PBXGroup;
			children = (
				4B2ACC312834C52A009BDC50 /* 展開一品三.app */,
			);
			name = Products;
			sourceTree = "<group>";
		};
		4B2ACC332834C52A009BDC50 /* 展開一品三 */ = {
			isa = PBXGroup;
			children = (
				4B2ACC502834C5F4009BDC50 /* siro.jpeg */,
				4B2ACC4E2834C5F4009BDC50 /* tarukibatu.png */,
				4B2ACC512834C5F4009BDC50 /* tarukilast.png */,
				4B2ACC4D2834C5F4009BDC50 /* tarukimaru 2.psd */,
				4B2ACC4F2834C5F4009BDC50 /* tarukimaru.png */,
				4B2ACC4C2834C5F4009BDC50 /* tarukimaru.psd */,
				4B2ACC3A2834C52A009BDC50 /* Main.storyboard */,
				4B2ACC382834C52A009BDC50 /* ViewController.swift */,
				4B2ACC482834C579009BDC50 /* twoViewController.swift */,
				4B2ACC4A2834C5C3009BDC50 /* threeViewController.swift */,
				4B679769286AC5CF00635F53 /* threesViewController.swift */,
				4B2ACC342834C52A009BDC50 /* AppDelegate.swift */,
				4B2ACC362834C52A009BDC50 /* SceneDelegate.swift */,
				4B2ACC3D2834C52B009BDC50 /* Assets.xcassets */,
				4B2ACC3F2834C52B009BDC50 /* LaunchScreen.storyboard */,
				4B2ACC422834C52C009BDC50 /* Info.plist */,
			);
			path = "展開一品三";
			sourceTree = "<group>";
		};
/* End PBXGroup section */

/* Begin PBXNativeTarget section */
		4B2ACC302834C52A009BDC50 /* 展開一品三 */ = {
			isa = PBXNativeTarget;
			buildConfigurationList = 4B2ACC452834C52C009BDC50 /* Build configuration list for PBXNativeTarget "展開一品三" */;
			buildPhases = (
				4B2ACC2D2834C52A009BDC50 /* Sources */,
				4B2ACC2E2834C52A009BDC50 /* Frameworks */,
				4B2ACC2F2834C52A009BDC50 /* Resources */,
			);
			buildRules = (
			);
			dependencies = (
			);
			name = "展開一品三";
			productName = "展開一品三";
			productReference = 4B2ACC312834C52A009BDC50 /* 展開一品三.app */;
			productType = "com.apple.product-type.application";
		};
/* End PBXNativeTarget section */

/* Begin PBXProject section */
		4B2ACC292834C52A009BDC50 /* Project object */ = {
			isa = PBXProject;
			attributes = {
				BuildIndependentTargetsInParallel = 1;
				LastSwiftUpdateCheck = 1340;
				LastUpgradeCheck = 1340;
				TargetAttributes = {
					4B2ACC302834C52A009BDC50 = {
						CreatedOnToolsVersion = 13.4;
					};
				};
			};
			buildConfigurationList = 4B2ACC2C2834C52A009BDC50 /* Build configuration list for PBXProject "展開一品三" */;
			compatibilityVersion = "Xcode 13.0";
			developmentRegion = en;
			hasScannedForEncodings = 0;
			knownRegions = (
				en,
				Base,
			);
			mainGroup = 4B2ACC282834C52A009BDC50;
			productRefGroup = 4B2ACC322834C52A009BDC50 /* Products */;
			projectDirPath = "";
			projectRoot = "";
			targets = (
				4B2ACC302834C52A009BDC50 /* 展開一品三 */,
			);
		};
/* End PBXProject section */

/* Begin PBXResourcesBuildPhase section */
		4B2ACC2F2834C52A009BDC50 /* Resources */ = {
			isa = PBXResourcesBuildPhase;
			buildActionMask = 2147483647;
			files = (
				4B2ACC552834C5F4009BDC50 /* tarukimaru.png in Resources */,
				4B2ACC522834C5F4009BDC50 /* tarukimaru.psd in Resources */,
				4B2ACC562834C5F4009BDC50 /* siro.jpeg in Resources */,
				4B2ACC542834C5F4009BDC50 /* tarukibatu.png in Resources */,
				4B2ACC412834C52B009BDC50 /* LaunchScreen.storyboard in Resources */,
				4B2ACC532834C5F4009BDC50 /* tarukimaru 2.psd in Resources */,
				4B2ACC572834C5F4009BDC50 /* tarukilast.png in Resources */,
				4B2ACC3E2834C52B009BDC50 /* Assets.xcassets in Resources */,
				4B2ACC3C2834C52A009BDC50 /* Main.storyboard in Resources */,
			);
			runOnlyForDeploymentPostprocessing = 0;
		};
/* End PBXResourcesBuildPhase section */

/* Begin PBXSourcesBuildPhase section */
		4B2ACC2D2834C52A009BDC50 /* Sources */ = {
			isa = PBXSourcesBuildPhase;
			buildActionMask = 2147483647;
			files = (
				4B2ACC4B2834C5C3009BDC50 /* threeViewController.swift in Sources */,
				4B2ACC392834C52A009BDC50 /* ViewController.swift in Sources */,
				4B2ACC352834C52A009BDC50 /* AppDelegate.swift in Sources */,
				4B67976A286AC5CF00635F53 /* threesViewController.swift in Sources */,
				4B2ACC372834C52A009BDC50 /* SceneDelegate.swift in Sources */,
				4B2ACC492834C579009BDC50 /* twoViewController.swift in Sources */,
			);
			runOnlyForDeploymentPostprocessing = 0;
		};
/* End PBXSourcesBuildPhase section */

/* Begin PBXVariantGroup section */
		4B2ACC3A2834C52A009BDC50 /* Main.storyboard */ = {
			isa = PBXVariantGroup;
			children = (
				4B2ACC3B2834C52A009BDC50 /* Base */,
			);
			name = Main.storyboard;
			sourceTree = "<group>";
		};
		4B2ACC3F2834C52B009BDC50 /* LaunchScreen.storyboard */ = {
			isa = PBXVariantGroup;
			children = (
				4B2ACC402834C52B009BDC50 /* Base */,
			);
			name = LaunchScreen.storyboard;
			sourceTree = "<group>";
		};
/* End PBXVariantGroup section */

/* Begin XCBuildConfiguration section */
		4B2ACC432834C52C009BDC50 /* Debug */ = {
			isa = XCBuildConfiguration;
			buildSettings = {
				ALWAYS_SEARCH_USER_PATHS = NO;
				CLANG_ANALYZER_NONNULL = YES;
				CLANG_ANALYZER_NUMBER_OBJECT_CONVERSION = YES_AGGRESSIVE;
				CLANG_CXX_LANGUAGE_STANDARD = "gnu++17";
				CLANG_ENABLE_MODULES = YES;
				CLANG_ENABLE_OBJC_ARC = YES;
				CLANG_ENABLE_OBJC_WEAK = YES;
				CLANG_WARN_BLOCK_CAPTURE_AUTORELEASING = YES;
				CLANG_WARN_BOOL_CONVERSION = YES;
				CLANG_WARN_COMMA = YES;
				CLANG_WARN_CONSTANT_CONVERSION = YES;
				CLANG_WARN_DEPRECATED_OBJC_IMPLEMENTATIONS = YES;
				CLANG_WARN_DIRECT_OBJC_ISA_USAGE = YES_ERROR;
				CLANG_WARN_DOCUMENTATION_COMMENTS = YES;
				CLANG_WARN_EMPTY_BODY = YES;
				CLANG_WARN_ENUM_CONVERSION = YES;
				CLANG_WARN_INFINITE_RECURSION = YES;
				CLANG_WARN_INT_CONVERSION = YES;
				CLANG_WARN_NON_LITERAL_NULL_CONVERSION = YES;
				CLANG_WARN_OBJC_IMPLICIT_RETAIN_SELF = YES;
				CLANG_WARN_OBJC_LITERAL_CONVERSION = YES;
				CLANG_WARN_OBJC_ROOT_CLASS = YES_ERROR;
				CLANG_WARN_QUOTED_INCLUDE_IN_FRAMEWORK_HEADER = YES;
				CLANG_WARN_RANGE_LOOP_ANALYSIS = YES;
				CLANG_WARN_STRICT_PROTOTYPES = YES;
				CLANG_WARN_SUSPICIOUS_MOVE = YES;
				CLANG_WARN_UNGUARDED_AVAILABILITY = YES_AGGRESSIVE;
				CLANG_WARN_UNREACHABLE_CODE = YES;
				CLANG_WARN__DUPLICATE_METHOD_MATCH = YES;
				COPY_PHASE_STRIP = NO;
				DEBUG_INFORMATION_FORMAT = dwarf;
				ENABLE_STRICT_OBJC_MSGSEND = YES;
				ENABLE_TESTABILITY = YES;
				GCC_C_LANGUAGE_STANDARD = gnu11;
				GCC_DYNAMIC_NO_PIC = NO;
				GCC_NO_COMMON_BLOCKS = YES;
				GCC_OPTIMIZATION_LEVEL = 0;
				GCC_PREPROCESSOR_DEFINITIONS = (
					"DEBUG=1",
					"$(inherited)",
				);
				GCC_WARN_64_TO_32_BIT_CONVERSION = YES;
				GCC_WARN_ABOUT_RETURN_TYPE = YES_ERROR;
				GCC_WARN_UNDECLARED_SELECTOR = YES;
				GCC_WARN_UNINITIALIZED_AUTOS = YES_AGGRESSIVE;
				GCC_WARN_UNUSED_FUNCTION = YES;
				GCC_WARN_UNUSED_VARIABLE = YES;
				IPHONEOS_DEPLOYMENT_TARGET = 15.5;
				MTL_ENABLE_DEBUG_INFO = INCLUDE_SOURCE;
				MTL_FAST_MATH = YES;
				ONLY_ACTIVE_ARCH = YES;
				SDKROOT = iphoneos;
				SWIFT_ACTIVE_COMPILATION_CONDITIONS = DEBUG;
				SWIFT_OPTIMIZATION_LEVEL = "-Onone";
			};
			name = Debug;
		};
		4B2ACC442834C52C009BDC50 /* Release */ = {
			isa = XCBuildConfiguration;
			buildSettings = {
				ALWAYS_SEARCH_USER_PATHS = NO;
				CLANG_ANALYZER_NONNULL = YES;
				CLANG_ANALYZER_NUMBER_OBJECT_CONVERSION = YES_AGGRESSIVE;
				CLANG_CXX_LANGUAGE_STANDARD = "gnu++17";
				CLANG_ENABLE_MODULES = YES;
				CLANG_ENABLE_OBJC_ARC = YES;
				CLANG_ENABLE_OBJC_WEAK = YES;
				CLANG_WARN_BLOCK_CAPTURE_AUTORELEASING = YES;
				CLANG_WARN_BOOL_CONVERSION = YES;
				CLANG_WARN_COMMA = YES;
				CLANG_WARN_CONSTANT_CONVERSION = YES;
				CLANG_WARN_DEPRECATED_OBJC_IMPLEMENTATIONS = YES;
				CLANG_WARN_DIRECT_OBJC_ISA_USAGE = YES_ERROR;
				CLANG_WARN_DOCUMENTATION_COMMENTS = YES;
				CLANG_WARN_EMPTY_BODY = YES;
				CLANG_WARN_ENUM_CONVERSION = YES;
				CLANG_WARN_INFINITE_RECURSION = YES;
				CLANG_WARN_INT_CONVERSION = YES;
				CLANG_WARN_NON_LITERAL_NULL_CONVERSION = YES;
				CLANG_WARN_OBJC_IMPLICIT_RETAIN_SELF = YES;
				CLANG_WARN_OBJC_LITERAL_CONVERSION = YES;
				CLANG_WARN_OBJC_ROOT_CLASS = YES_ERROR;
				CLANG_WARN_QUOTED_INCLUDE_IN_FRAMEWORK_HEADER = YES;
				CLANG_WARN_RANGE_LOOP_ANALYSIS = YES;
				CLANG_WARN_STRICT_PROTOTYPES = YES;
				CLANG_WARN_SUSPICIOUS_MOVE = YES;
				CLANG_WARN_UNGUARDED_AVAILABILITY = YES_AGGRESSIVE;
				CLANG_WARN_UNREACHABLE_CODE = YES;
				CLANG_WARN__DUPLICATE_METHOD_MATCH = YES;
				COPY_PHASE_STRIP = NO;
				DEBUG_INFORMATION_FORMAT = "dwarf-with-dsym";
				ENABLE_NS_ASSERTIONS = NO;
				ENABLE_STRICT_OBJC_MSGSEND = YES;
				GCC_C_LANGUAGE_STANDARD = gnu11;
				GCC_NO_COMMON_BLOCKS = YES;
				GCC_WARN_64_TO_32_BIT_CONVERSION = YES;
				GCC_WARN_ABOUT_RETURN_TYPE = YES_ERROR;
				GCC_WARN_UNDECLARED_SELECTOR = YES;
				GCC_WARN_UNINITIALIZED_AUTOS = YES_AGGRESSIVE;
				GCC_WARN_UNUSED_FUNCTION = YES;
				GCC_WARN_UNUSED_VARIABLE = YES;
				IPHONEOS_DEPLOYMENT_TARGET = 15.5;
				MTL_ENABLE_DEBUG_INFO = NO;
				MTL_FAST_MATH = YES;
				SDKROOT = iphoneos;
				SWIFT_COMPILATION_MODE = wholemodule;
				SWIFT_OPTIMIZATION_LEVEL = "-O";
				VALIDATE_PRODUCT = YES;
			};
			name = Release;
		};
		4B2ACC462834C52C009BDC50 /* Debug */ = {
			isa = XCBuildConfiguration;
			buildSettings = {
				ASSETCATALOG_COMPILER_APPICON_NAME = AppIcon;
				ASSETCATALOG_COMPILER_GLOBAL_ACCENT_COLOR_NAME = AccentColor;
				CODE_SIGN_STYLE = Automatic;
				CURRENT_PROJECT_VERSION = 1;
				DEVELOPMENT_TEAM = F4TH9TJJPY;
				GENERATE_INFOPLIST_FILE = YES;
				INFOPLIST_FILE = "展開一品三/Info.plist";
				INFOPLIST_KEY_UIApplicationSupportsIndirectInputEvents = YES;
				INFOPLIST_KEY_UILaunchStoryboardName = LaunchScreen;
				INFOPLIST_KEY_UIMainStoryboardFile = Main;
				INFOPLIST_KEY_UISupportedInterfaceOrientations_iPad = "UIInterfaceOrientationPortrait UIInterfaceOrientationPortraitUpsideDown UIInterfaceOrientationLandscapeLeft UIInterfaceOrientationLandscapeRight";
				INFOPLIST_KEY_UISupportedInterfaceOrientations_iPhone = "UIInterfaceOrientationPortrait UIInterfaceOrientationLandscapeLeft UIInterfaceOrientationLandscapeRight";
				IPHONEOS_DEPLOYMENT_TARGET = 15.0;
				LD_RUNPATH_SEARCH_PATHS = (
					"$(inherited)",
					"@executable_path/Frameworks",
				);
				MARKETING_VERSION = 1.0;
				PRODUCT_BUNDLE_IDENTIFIER = "com.lit.-----";
				PRODUCT_NAME = "$(TARGET_NAME)";
				SWIFT_EMIT_LOC_STRINGS = YES;
				SWIFT_VERSION = 5.0;
				TARGETED_DEVICE_FAMILY = 1;
			};
			name = Debug;
		};
		4B2ACC472834C52C009BDC50 /* Release */ = {
			isa = XCBuildConfiguration;
			buildSettings = {
				ASSETCATALOG_COMPILER_APPICON_NAME = AppIcon;
				ASSETCATALOG_COMPILER_GLOBAL_ACCENT_COLOR_NAME = AccentColor;
				CODE_SIGN_STYLE = Automatic;
				CURRENT_PROJECT_VERSION = 1;
				DEVELOPMENT_TEAM = F4TH9TJJPY;
				GENERATE_INFOPLIST_FILE = YES;
				INFOPLIST_FILE = "展開一品三/Info.plist";
				INFOPLIST_KEY_UIApplicationSupportsIndirectInputEvents = YES;
				INFOPLIST_KEY_UILaunchStoryboardName = LaunchScreen;
				INFOPLIST_KEY_UIMainStoryboardFile = Main;
				INFOPLIST_KEY_UISupportedInterfaceOrientations_iPad = "UIInterfaceOrientationPortrait UIInterfaceOrientationPortraitUpsideDown UIInterfaceOrientationLandscapeLeft UIInterfaceOrientationLandscapeRight";
				INFOPLIST_KEY_UISupportedInterfaceOrientations_iPhone = "UIInterfaceOrientationPortrait UIInterfaceOrientationLandscapeLeft UIInterfaceOrientationLandscapeRight";
				IPHONEOS_DEPLOYMENT_TARGET = 15.0;
				LD_RUNPATH_SEARCH_PATHS = (
					"$(inherited)",
					"@executable_path/Frameworks",
				);
				MARKETING_VERSION = 1.0;
				PRODUCT_BUNDLE_IDENTIFIER = "com.lit.-----";
				PRODUCT_NAME = "$(TARGET_NAME)";
				SWIFT_EMIT_LOC_STRINGS = YES;
				SWIFT_VERSION = 5.0;
				TARGETED_DEVICE_FAMILY = 1;
			};
			name = Release;
		};
/* End XCBuildConfiguration section */

/* Begin XCConfigurationList section */
		4B2ACC2C2834C52A009BDC50 /* Build configuration list for PBXProject "展開一品三" */ = {
			isa = XCConfigurationList;
			buildConfigurations = (
				4B2ACC432834C52C009BDC50 /* Debug */,
				4B2ACC442834C52C009BDC50 /* Release */,
			);
			defaultConfigurationIsVisible = 0;
			defaultConfigurationName = Release;
		};
		4B2ACC452834C52C009BDC50 /* Build configuration list for PBXNativeTarget "展開一品三" */ = {
			isa = XCConfigurationList;
			buildConfigurations = (
				4B2ACC462834C52C009BDC50 /* Debug */,
				4B2ACC472834C52C009BDC50 /* Release */,
			);
			defaultConfigurationIsVisible = 0;
			defaultConfigurationName = Release;
		};
/* End XCConfigurationList section */
	};
	rootObject = 4B2ACC292834C52A009BDC50 /* Project object */;
}
